
Microsoft Visual Studio Solution File, Format Version 12.00
# Visual Studio 15
VisualStudioVersion = 15.0.28307.572
MinimumVisualStudioVersion = 10.0.40219.1
Project("{FAE04EC0-301F-11D3-BF4B-00C04F79EFBC}") = "InicioMVC", "InicioMVC\InicioMVC.csproj", "{479D85C1-5FE7-4C0F-9013-E8F7EB3FDCED}"
EndProject
Global
	GlobalSection(SolutionConfigurationPlatforms) = preSolution
		Debug|Any CPU = Debug|Any CPU
		Release|Any CPU = Release|Any CPU
	EndGlobalSection
	GlobalSection(ProjectConfigurationPlatforms) = postSolution
		{479D85C1-5FE7-4C0F-9013-E8F7EB3FDCED}.Debug|Any CPU.ActiveCfg = Debug|Any CPU
		{479D85C1-5FE7-4C0F-9013-E8F7EB3FDCED}.Debug|Any CPU.Build.0 = Debug|Any CPU
		{479D85C1-5FE7-4C0F-9013-E8F7EB3FDCED}.Release|Any CPU.ActiveCfg = Release|Any CPU
		{479D85C1-5FE7-4C0F-9013-E8F7EB3FDCED}.Release|Any CPU.Build.0 = Release|Any CPU
	EndGlobalSection
	GlobalSection(SolutionProperties) = preSolution
		HideSolutionNode = FALSE
	EndGlobalSection
	GlobalSection(ExtensibilityGlobals) = postSolution
		SolutionGuid = {3A926E1D-9753-40C2-A679-AA7154264B4F}
	EndGlobalSection
EndGlobal
